
Microsoft Visual Studio Solution File, Format Version 12.00
# Visual Studio Version 16
VisualStudioVersion = 16.0.31605.320
MinimumVisualStudioVersion = 10.0.40219.1
Project("{2150E333-8FDC-42A3-9474-1A3956D46DE8}") = "Services", "Services", "{5BD3FCD6-A990-461D-86A0-88CE60F482C5}"
EndProject
Project("{2150E333-8FDC-42A3-9474-1A3956D46DE8}") = "Catalog", "Catalog", "{7E96A63C-6412-4326-8AB9-02FA7B355F85}"
EndProject
Project("{FAE04EC0-301F-11D3-BF4B-00C04F79EFBC}") = "Catalog.API", "Services\Catalog\Catalog.API\Catalog.API.csproj", "{73B37506-8CFD-4501-95A7-A7B61291C1C9}"
EndProject
Global
	GlobalSection(SolutionConfigurationPlatforms) = preSolution
		Debug|Any CPU = Debug|Any CPU
		Release|Any CPU = Release|Any CPU
	EndGlobalSection
	GlobalSection(ProjectConfigurationPlatforms) = postSolution
		{73B37506-8CFD-4501-95A7-A7B61291C1C9}.Debug|Any CPU.ActiveCfg = Debug|Any CPU
		{73B37506-8CFD-4501-95A7-A7B61291C1C9}.Debug|Any CPU.Build.0 = Debug|Any CPU
		{73B37506-8CFD-4501-95A7-A7B61291C1C9}.Release|Any CPU.ActiveCfg = Release|Any CPU
		{73B37506-8CFD-4501-95A7-A7B61291C1C9}.Release|Any CPU.Build.0 = Release|Any CPU
	EndGlobalSection
	GlobalSection(SolutionProperties) = preSolution
		HideSolutionNode = FALSE
	EndGlobalSection
	GlobalSection(NestedProjects) = preSolution
		{7E96A63C-6412-4326-8AB9-02FA7B355F85} = {5BD3FCD6-A990-461D-86A0-88CE60F482C5}
		{73B37506-8CFD-4501-95A7-A7B61291C1C9} = {7E96A63C-6412-4326-8AB9-02FA7B355F85}
	EndGlobalSection
	GlobalSection(ExtensibilityGlobals) = postSolution
		SolutionGuid = {97399409-52E9-4175-8FC1-B57C7B3C7D55}
	EndGlobalSection
EndGlobal
